// !$*UTF8*$!
{
	archiveVersion = 1;
	classes = {
	};
	objectVersion = 56;
	objects = {

/* Begin PBXBuildFile section */
		292F654C2AC95F48002F79BE /* BottomSheet.swift in Sources */ = {isa = PBXBuildFile; fileRef = 292F654B2AC95F48002F79BE /* BottomSheet.swift */; };
		292F654E2ACAB300002F79BE /* ListVIew.swift in Sources */ = {isa = PBXBuildFile; fileRef = 292F654D2ACAB300002F79BE /* ListVIew.swift */; };
		292F65532ACACDC9002F79BE /* PinVIew.swift in Sources */ = {isa = PBXBuildFile; fileRef = 292F65522ACACDC9002F79BE /* PinVIew.swift */; };
		29467B962AB9634C0051D4DE /* NavigationStackDemoApp.swift in Sources */ = {isa = PBXBuildFile; fileRef = 29467B952AB9634C0051D4DE /* NavigationStackDemoApp.swift */; };
		29467B982AB9634C0051D4DE /* ContentView.swift in Sources */ = {isa = PBXBuildFile; fileRef = 29467B972AB9634C0051D4DE /* ContentView.swift */; };
		29467B9A2AB9634D0051D4DE /* Assets.xcassets in Resources */ = {isa = PBXBuildFile; fileRef = 29467B992AB9634D0051D4DE /* Assets.xcassets */; };
		29467B9D2AB9634D0051D4DE /* Preview Assets.xcassets in Resources */ = {isa = PBXBuildFile; fileRef = 29467B9C2AB9634D0051D4DE /* Preview Assets.xcassets */; };
		299B0A572AC9277800982759 /* LaunchScreen.storyboard in Resources */ = {isa = PBXBuildFile; fileRef = 299B0A562AC9277800982759 /* LaunchScreen.storyboard */; };
		299B0A5A2AC928F600982759 /* LoginView.swift in Sources */ = {isa = PBXBuildFile; fileRef = 299B0A592AC928F600982759 /* LoginView.swift */; };
		299B0A5D2AC94B7400982759 /* MaterialTextField.swift in Sources */ = {isa = PBXBuildFile; fileRef = 299B0A5C2AC94B7400982759 /* MaterialTextField.swift */; };
		29B4E0D12AD678C70068F171 /* ButtonView.swift in Sources */ = {isa = PBXBuildFile; fileRef = 29B4E0D02AD678C70068F171 /* ButtonView.swift */; };
		29E314FD2AC4231100DE81C4 /* SegmentedVIew.swift in Sources */ = {isa = PBXBuildFile; fileRef = 29E314FC2AC4231100DE81C4 /* SegmentedVIew.swift */; };
		93170A0466047D6155D921A9 /* Pods_NavigationStackDemo.framework in Frameworks */ = {isa = PBXBuildFile; fileRef = ED350C3838C2742AD940B977 /* Pods_NavigationStackDemo.framework */; };
/* End PBXBuildFile section */

/* Begin PBXFileReference section */
		292F654B2AC95F48002F79BE /* BottomSheet.swift */ = {isa = PBXFileReference; lastKnownFileType = sourcecode.swift; path = BottomSheet.swift; sourceTree = "<group>"; };
		292F654D2ACAB300002F79BE /* ListVIew.swift */ = {isa = PBXFileReference; lastKnownFileType = sourcecode.swift; path = ListVIew.swift; sourceTree = "<group>"; };
		292F65522ACACDC9002F79BE /* PinVIew.swift */ = {isa = PBXFileReference; lastKnownFileType = sourcecode.swift; path = PinVIew.swift; sourceTree = "<group>"; };
		29467B922AB9634C0051D4DE /* NavigationStackDemo.app */ = {isa = PBXFileReference; explicitFileType = wrapper.application; includeInIndex = 0; path = NavigationStackDemo.app; sourceTree = BUILT_PRODUCTS_DIR; };
		29467B952AB9634C0051D4DE /* NavigationStackDemoApp.swift */ = {isa = PBXFileReference; lastKnownFileType = sourcecode.swift; path = NavigationStackDemoApp.swift; sourceTree = "<group>"; };
		29467B972AB9634C0051D4DE /* ContentView.swift */ = {isa = PBXFileReference; lastKnownFileType = sourcecode.swift; path = ContentView.swift; sourceTree = "<group>"; };
		29467B992AB9634D0051D4DE /* Assets.xcassets */ = {isa = PBXFileReference; lastKnownFileType = folder.assetcatalog; path = Assets.xcassets; sourceTree = "<group>"; };
		29467B9C2AB9634D0051D4DE /* Preview Assets.xcassets */ = {isa = PBXFileReference; lastKnownFileType = folder.assetcatalog; path = "Preview Assets.xcassets"; sourceTree = "<group>"; };
		299B0A562AC9277800982759 /* LaunchScreen.storyboard */ = {isa = PBXFileReference; lastKnownFileType = file.storyboard; path = LaunchScreen.storyboard; sourceTree = "<group>"; };
		299B0A592AC928F600982759 /* LoginView.swift */ = {isa = PBXFileReference; lastKnownFileType = sourcecode.swift; path = LoginView.swift; sourceTree = "<group>"; };
		299B0A5C2AC94B7400982759 /* MaterialTextField.swift */ = {isa = PBXFileReference; lastKnownFileType = sourcecode.swift; path = MaterialTextField.swift; sourceTree = "<group>"; };
		29B4E0D02AD678C70068F171 /* ButtonView.swift */ = {isa = PBXFileReference; lastKnownFileType = sourcecode.swift; path = ButtonView.swift; sourceTree = "<group>"; };
		29E314FC2AC4231100DE81C4 /* SegmentedVIew.swift */ = {isa = PBXFileReference; lastKnownFileType = sourcecode.swift; path = SegmentedVIew.swift; sourceTree = "<group>"; };
		8849BFFA77AFB246D9E3EB47 /* Pods-NavigationStackDemo.release.xcconfig */ = {isa = PBXFileReference; includeInIndex = 1; lastKnownFileType = text.xcconfig; name = "Pods-NavigationStackDemo.release.xcconfig"; path = "Target Support Files/Pods-NavigationStackDemo/Pods-NavigationStackDemo.release.xcconfig"; sourceTree = "<group>"; };
		CCF744E98A1D1BE8C00C37FE /* Pods-NavigationStackDemo.debug.xcconfig */ = {isa = PBXFileReference; includeInIndex = 1; lastKnownFileType = text.xcconfig; name = "Pods-NavigationStackDemo.debug.xcconfig"; path = "Target Support Files/Pods-NavigationStackDemo/Pods-NavigationStackDemo.debug.xcconfig"; sourceTree = "<group>"; };
		ED350C3838C2742AD940B977 /* Pods_NavigationStackDemo.framework */ = {isa = PBXFileReference; explicitFileType = wrapper.framework; includeInIndex = 0; path = Pods_NavigationStackDemo.framework; sourceTree = BUILT_PRODUCTS_DIR; };
/* End PBXFileReference section */

/* Begin PBXFrameworksBuildPhase section */
		29467B8F2AB9634C0051D4DE /* Frameworks */ = {
			isa = PBXFrameworksBuildPhase;
			buildActionMask = 2147483647;
			files = (
				93170A0466047D6155D921A9 /* Pods_NavigationStackDemo.framework in Frameworks */,
			);
			runOnlyForDeploymentPostprocessing = 0;
		};
/* End PBXFrameworksBuildPhase section */

/* Begin PBXGroup section */
		29467B892AB9634C0051D4DE = {
			isa = PBXGroup;
			children = (
				29467B942AB9634C0051D4DE /* NavigationStackDemo */,
				29467B932AB9634C0051D4DE /* Products */,
				2A5842FB2440126CC55A137A /* Pods */,
				4F43566BEFCA88CF5360ABEC /* Frameworks */,
			);
			sourceTree = "<group>";
		};
		29467B932AB9634C0051D4DE /* Products */ = {
			isa = PBXGroup;
			children = (
				29467B922AB9634C0051D4DE /* NavigationStackDemo.app */,
			);
			name = Products;
			sourceTree = "<group>";
		};
		29467B942AB9634C0051D4DE /* NavigationStackDemo */ = {
			isa = PBXGroup;
			children = (
				299B0A5B2AC94B5E00982759 /* MaterialTextFields */,
				299B0A582AC928EB00982759 /* Views */,
				29467B952AB9634C0051D4DE /* NavigationStackDemoApp.swift */,
				29467B972AB9634C0051D4DE /* ContentView.swift */,
				29467B992AB9634D0051D4DE /* Assets.xcassets */,
				29467B9B2AB9634D0051D4DE /* Preview Content */,
				29E314FC2AC4231100DE81C4 /* SegmentedVIew.swift */,
				299B0A562AC9277800982759 /* LaunchScreen.storyboard */,
			);
			path = NavigationStackDemo;
			sourceTree = "<group>";
		};
		29467B9B2AB9634D0051D4DE /* Preview Content */ = {
			isa = PBXGroup;
			children = (
				29467B9C2AB9634D0051D4DE /* Preview Assets.xcassets */,
			);
			path = "Preview Content";
			sourceTree = "<group>";
		};
		299B0A582AC928EB00982759 /* Views */ = {
			isa = PBXGroup;
			children = (
				299B0A592AC928F600982759 /* LoginView.swift */,
				292F654B2AC95F48002F79BE /* BottomSheet.swift */,
				292F654D2ACAB300002F79BE /* ListVIew.swift */,
				292F65522ACACDC9002F79BE /* PinVIew.swift */,
				29B4E0D02AD678C70068F171 /* ButtonView.swift */,
			);
			path = Views;
			sourceTree = "<group>";
		};
		299B0A5B2AC94B5E00982759 /* MaterialTextFields */ = {
			isa = PBXGroup;
			children = (
				299B0A5C2AC94B7400982759 /* MaterialTextField.swift */,
			);
			path = MaterialTextFields;
			sourceTree = "<group>";
		};
		2A5842FB2440126CC55A137A /* Pods */ = {
			isa = PBXGroup;
			children = (
				CCF744E98A1D1BE8C00C37FE /* Pods-NavigationStackDemo.debug.xcconfig */,
				8849BFFA77AFB246D9E3EB47 /* Pods-NavigationStackDemo.release.xcconfig */,
			);
			path = Pods;
			sourceTree = "<group>";
		};
		4F43566BEFCA88CF5360ABEC /* Frameworks */ = {
			isa = PBXGroup;
			children = (
				ED350C3838C2742AD940B977 /* Pods_NavigationStackDemo.framework */,
			);
			name = Frameworks;
			sourceTree = "<group>";
		};
/* End PBXGroup section */

/* Begin PBXNativeTarget section */
		29467B912AB9634C0051D4DE /* NavigationStackDemo */ = {
			isa = PBXNativeTarget;
			buildConfigurationList = 29467BA02AB9634D0051D4DE /* Build configuration list for PBXNativeTarget "NavigationStackDemo" */;
			buildPhases = (
				42AB43736915D225F8CAB952 /* [CP] Check Pods Manifest.lock */,
				29467B8E2AB9634C0051D4DE /* Sources */,
				29467B8F2AB9634C0051D4DE /* Frameworks */,
				29467B902AB9634C0051D4DE /* Resources */,
				28AE818858B76E3D61646022 /* [CP] Embed Pods Frameworks */,
			);
			buildRules = (
			);
			dependencies = (
			);
			name = NavigationStackDemo;
			packageProductDependencies = (
			);
			productName = NavigationStackDemo;
			productReference = 29467B922AB9634C0051D4DE /* NavigationStackDemo.app */;
			productType = "com.apple.product-type.application";
		};
/* End PBXNativeTarget section */

/* Begin PBXProject section */
		29467B8A2AB9634C0051D4DE /* Project object */ = {
			isa = PBXProject;
			attributes = {
				BuildIndependentTargetsInParallel = 1;
				LastSwiftUpdateCheck = 1410;
				LastUpgradeCheck = 1410;
				TargetAttributes = {
					29467B912AB9634C0051D4DE = {
						CreatedOnToolsVersion = 14.1;
					};
				};
			};
			buildConfigurationList = 29467B8D2AB9634C0051D4DE /* Build configuration list for PBXProject "NavigationStackDemo" */;
			compatibilityVersion = "Xcode 14.0";
			developmentRegion = en;
			hasScannedForEncodings = 0;
			knownRegions = (
				en,
				Base,
			);
			mainGroup = 29467B892AB9634C0051D4DE;
			packageReferences = (
			);
			productRefGroup = 29467B932AB9634C0051D4DE /* Products */;
			projectDirPath = "";
			projectRoot = "";
			targets = (
				29467B912AB9634C0051D4DE /* NavigationStackDemo */,
			);
		};
/* End PBXProject section */

/* Begin PBXResourcesBuildPhase section */
		29467B902AB9634C0051D4DE /* Resources */ = {
			isa = PBXResourcesBuildPhase;
			buildActionMask = 2147483647;
			files = (
				299B0A572AC9277800982759 /* LaunchScreen.storyboard in Resources */,
				29467B9D2AB9634D0051D4DE /* Preview Assets.xcassets in Resources */,
				29467B9A2AB9634D0051D4DE /* Assets.xcassets in Resources */,
			);
			runOnlyForDeploymentPostprocessing = 0;
		};
/* End PBXResourcesBuildPhase section */

/* Begin PBXShellScriptBuildPhase section */
		28AE818858B76E3D61646022 /* [CP] Embed Pods Frameworks */ = {
			isa = PBXShellScriptBuildPhase;
			buildActionMask = 2147483647;
			files = (
			);
			inputFileListPaths = (
				"${PODS_ROOT}/Target Support Files/Pods-NavigationStackDemo/Pods-NavigationStackDemo-frameworks-${CONFIGURATION}-input-files.xcfilelist",
			);
			name = "[CP] Embed Pods Frameworks";
			outputFileListPaths = (
				"${PODS_ROOT}/Target Support Files/Pods-NavigationStackDemo/Pods-NavigationStackDemo-frameworks-${CONFIGURATION}-output-files.xcfilelist",
			);
			runOnlyForDeploymentPostprocessing = 0;
			shellPath = /bin/sh;
			shellScript = "\"${PODS_ROOT}/Target Support Files/Pods-NavigationStackDemo/Pods-NavigationStackDemo-frameworks.sh\"\n";
			showEnvVarsInLog = 0;
		};
		42AB43736915D225F8CAB952 /* [CP] Check Pods Manifest.lock */ = {
			isa = PBXShellScriptBuildPhase;
			buildActionMask = 2147483647;
			files = (
			);
			inputFileListPaths = (
			);
			inputPaths = (
				"${PODS_PODFILE_DIR_PATH}/Podfile.lock",
				"${PODS_ROOT}/Manifest.lock",
			);
			name = "[CP] Check Pods Manifest.lock";
			outputFileListPaths = (
			);
			outputPaths = (
				"$(DERIVED_FILE_DIR)/Pods-NavigationStackDemo-checkManifestLockResult.txt",
			);
			runOnlyForDeploymentPostprocessing = 0;
			shellPath = /bin/sh;
			shellScript = "diff \"${PODS_PODFILE_DIR_PATH}/Podfile.lock\" \"${PODS_ROOT}/Manifest.lock\" > /dev/null\nif [ $? != 0 ] ; then\n    # print error to STDERR\n    echo \"error: The sandbox is not in sync with the Podfile.lock. Run 'pod install' or update your CocoaPods installation.\" >&2\n    exit 1\nfi\n# This output is used by Xcode 'outputs' to avoid re-running this script phase.\necho \"SUCCESS\" > \"${SCRIPT_OUTPUT_FILE_0}\"\n";
			showEnvVarsInLog = 0;
		};
/* End PBXShellScriptBuildPhase section */

/* Begin PBXSourcesBuildPhase section */
		29467B8E2AB9634C0051D4DE /* Sources */ = {
			isa = PBXSourcesBuildPhase;
			buildActionMask = 2147483647;
			files = (
				29E314FD2AC4231100DE81C4 /* SegmentedVIew.swift in Sources */,
				29467B982AB9634C0051D4DE /* ContentView.swift in Sources */,
				292F65532ACACDC9002F79BE /* PinVIew.swift in Sources */,
				292F654E2ACAB300002F79BE /* ListVIew.swift in Sources */,
				299B0A5D2AC94B7400982759 /* MaterialTextField.swift in Sources */,
				299B0A5A2AC928F600982759 /* LoginView.swift in Sources */,
				292F654C2AC95F48002F79BE /* BottomSheet.swift in Sources */,
				29467B962AB9634C0051D4DE /* NavigationStackDemoApp.swift in Sources */,
				29B4E0D12AD678C70068F171 /* ButtonView.swift in Sources */,
			);
			runOnlyForDeploymentPostprocessing = 0;
		};
/* End PBXSourcesBuildPhase section */

/* Begin XCBuildConfiguration section */
		29467B9E2AB9634D0051D4DE /* Debug */ = {
			isa = XCBuildConfiguration;
			buildSettings = {
				ALWAYS_SEARCH_USER_PATHS = NO;
				CLANG_ANALYZER_NONNULL = YES;
				CLANG_ANALYZER_NUMBER_OBJECT_CONVERSION = YES_AGGRESSIVE;
				CLANG_CXX_LANGUAGE_STANDARD = "gnu++20";
				CLANG_ENABLE_MODULES = YES;
				CLANG_ENABLE_OBJC_ARC = YES;
				CLANG_ENABLE_OBJC_WEAK = YES;
				CLANG_WARN_BLOCK_CAPTURE_AUTORELEASING = YES;
				CLANG_WARN_BOOL_CONVERSION = YES;
				CLANG_WARN_COMMA = YES;
				CLANG_WARN_CONSTANT_CONVERSION = YES;
				CLANG_WARN_DEPRECATED_OBJC_IMPLEMENTATIONS = YES;
				CLANG_WARN_DIRECT_OBJC_ISA_USAGE = YES_ERROR;
				CLANG_WARN_DOCUMENTATION_COMMENTS = YES;
				CLANG_WARN_EMPTY_BODY = YES;
				CLANG_WARN_ENUM_CONVERSION = YES;
				CLANG_WARN_INFINITE_RECURSION = YES;
				CLANG_WARN_INT_CONVERSION = YES;
				CLANG_WARN_NON_LITERAL_NULL_CONVERSION = YES;
				CLANG_WARN_OBJC_IMPLICIT_RETAIN_SELF = YES;
				CLANG_WARN_OBJC_LITERAL_CONVERSION = YES;
				CLANG_WARN_OBJC_ROOT_CLASS = YES_ERROR;
				CLANG_WARN_QUOTED_INCLUDE_IN_FRAMEWORK_HEADER = YES;
				CLANG_WARN_RANGE_LOOP_ANALYSIS = YES;
				CLANG_WARN_STRICT_PROTOTYPES = YES;
				CLANG_WARN_SUSPICIOUS_MOVE = YES;
				CLANG_WARN_UNGUARDED_AVAILABILITY = YES_AGGRESSIVE;
				CLANG_WARN_UNREACHABLE_CODE = YES;
				CLANG_WARN__DUPLICATE_METHOD_MATCH = YES;
				COPY_PHASE_STRIP = NO;
				DEBUG_INFORMATION_FORMAT = dwarf;
				ENABLE_STRICT_OBJC_MSGSEND = YES;
				ENABLE_TESTABILITY = YES;
				GCC_C_LANGUAGE_STANDARD = gnu11;
				GCC_DYNAMIC_NO_PIC = NO;
				GCC_NO_COMMON_BLOCKS = YES;
				GCC_OPTIMIZATION_LEVEL = 0;
				GCC_PREPROCESSOR_DEFINITIONS = (
					"DEBUG=1",
					"$(inherited)",
				);
				GCC_WARN_64_TO_32_BIT_CONVERSION = YES;
				GCC_WARN_ABOUT_RETURN_TYPE = YES_ERROR;
				GCC_WARN_UNDECLARED_SELECTOR = YES;
				GCC_WARN_UNINITIALIZED_AUTOS = YES_AGGRESSIVE;
				GCC_WARN_UNUSED_FUNCTION = YES;
				GCC_WARN_UNUSED_VARIABLE = YES;
				IPHONEOS_DEPLOYMENT_TARGET = 16.1;
				MTL_ENABLE_DEBUG_INFO = INCLUDE_SOURCE;
				MTL_FAST_MATH = YES;
				ONLY_ACTIVE_ARCH = YES;
				SDKROOT = iphoneos;
				SWIFT_ACTIVE_COMPILATION_CONDITIONS = DEBUG;
				SWIFT_OPTIMIZATION_LEVEL = "-Onone";
			};
			name = Debug;
		};
		29467B9F2AB9634D0051D4DE /* Release */ = {
			isa = XCBuildConfiguration;
			buildSettings = {
				ALWAYS_SEARCH_USER_PATHS = NO;
				CLANG_ANALYZER_NONNULL = YES;
				CLANG_ANALYZER_NUMBER_OBJECT_CONVERSION = YES_AGGRESSIVE;
				CLANG_CXX_LANGUAGE_STANDARD = "gnu++20";
				CLANG_ENABLE_MODULES = YES;
				CLANG_ENABLE_OBJC_ARC = YES;
				CLANG_ENABLE_OBJC_WEAK = YES;
				CLANG_WARN_BLOCK_CAPTURE_AUTORELEASING = YES;
				CLANG_WARN_BOOL_CONVERSION = YES;
				CLANG_WARN_COMMA = YES;
				CLANG_WARN_CONSTANT_CONVERSION = YES;
				CLANG_WARN_DEPRECATED_OBJC_IMPLEMENTATIONS = YES;
				CLANG_WARN_DIRECT_OBJC_ISA_USAGE = YES_ERROR;
				CLANG_WARN_DOCUMENTATION_COMMENTS = YES;
				CLANG_WARN_EMPTY_BODY = YES;
				CLANG_WARN_ENUM_CONVERSION = YES;
				CLANG_WARN_INFINITE_RECURSION = YES;
				CLANG_WARN_INT_CONVERSION = YES;
				CLANG_WARN_NON_LITERAL_NULL_CONVERSION = YES;
				CLANG_WARN_OBJC_IMPLICIT_RETAIN_SELF = YES;
				CLANG_WARN_OBJC_LITERAL_CONVERSION = YES;
				CLANG_WARN_OBJC_ROOT_CLASS = YES_ERROR;
				CLANG_WARN_QUOTED_INCLUDE_IN_FRAMEWORK_HEADER = YES;
				CLANG_WARN_RANGE_LOOP_ANALYSIS = YES;
				CLANG_WARN_STRICT_PROTOTYPES = YES;
				CLANG_WARN_SUSPICIOUS_MOVE = YES;
				CLANG_WARN_UNGUARDED_AVAILABILITY = YES_AGGRESSIVE;
				CLANG_WARN_UNREACHABLE_CODE = YES;
				CLANG_WARN__DUPLICATE_METHOD_MATCH = YES;
				COPY_PHASE_STRIP = NO;
				DEBUG_INFORMATION_FORMAT = "dwarf-with-dsym";
				ENABLE_NS_ASSERTIONS = NO;
				ENABLE_STRICT_OBJC_MSGSEND = YES;
				GCC_C_LANGUAGE_STANDARD = gnu11;
				GCC_NO_COMMON_BLOCKS = YES;
				GCC_WARN_64_TO_32_BIT_CONVERSION = YES;
				GCC_WARN_ABOUT_RETURN_TYPE = YES_ERROR;
				GCC_WARN_UNDECLARED_SELECTOR = YES;
				GCC_WARN_UNINITIALIZED_AUTOS = YES_AGGRESSIVE;
				GCC_WARN_UNUSED_FUNCTION = YES;
				GCC_WARN_UNUSED_VARIABLE = YES;
				IPHONEOS_DEPLOYMENT_TARGET = 16.1;
				MTL_ENABLE_DEBUG_INFO = NO;
				MTL_FAST_MATH = YES;
				SDKROOT = iphoneos;
				SWIFT_COMPILATION_MODE = wholemodule;
				SWIFT_OPTIMIZATION_LEVEL = "-O";
				VALIDATE_PRODUCT = YES;
			};
			name = Release;
		};
		29467BA12AB9634D0051D4DE /* Debug */ = {
			isa = XCBuildConfiguration;
			baseConfigurationReference = CCF744E98A1D1BE8C00C37FE /* Pods-NavigationStackDemo.debug.xcconfig */;
			buildSettings = {
				ASSETCATALOG_COMPILER_APPICON_NAME = AppIcon;
				ASSETCATALOG_COMPILER_GLOBAL_ACCENT_COLOR_NAME = AccentColor;
				CODE_SIGN_STYLE = Automatic;
				CURRENT_PROJECT_VERSION = 1;
				DEVELOPMENT_ASSET_PATHS = "\"NavigationStackDemo/Preview Content\"";
				DEVELOPMENT_TEAM = U8NB267S7N;
				ENABLE_PREVIEWS = YES;
				GENERATE_INFOPLIST_FILE = YES;
				INFOPLIST_KEY_UIApplicationSceneManifest_Generation = YES;
				INFOPLIST_KEY_UIApplicationSupportsIndirectInputEvents = YES;
				INFOPLIST_KEY_UILaunchStoryboardName = LaunchScreen.storyboard;
				INFOPLIST_KEY_UISupportedInterfaceOrientations_iPad = "UIInterfaceOrientationPortrait UIInterfaceOrientationPortraitUpsideDown UIInterfaceOrientationLandscapeLeft UIInterfaceOrientationLandscapeRight";
				INFOPLIST_KEY_UISupportedInterfaceOrientations_iPhone = "UIInterfaceOrientationPortrait UIInterfaceOrientationLandscapeLeft UIInterfaceOrientationLandscapeRight";
				IPHONEOS_DEPLOYMENT_TARGET = 14;
				LD_RUNPATH_SEARCH_PATHS = (
					"$(inherited)",
					"@executable_path/Frameworks",
				);
				MARKETING_VERSION = 1.0;
				PRODUCT_BUNDLE_IDENTIFIER = bipul.NavigationStackDemo;
				PRODUCT_NAME = "$(TARGET_NAME)";
				SWIFT_EMIT_LOC_STRINGS = YES;
				SWIFT_VERSION = 5.0;
				TARGETED_DEVICE_FAMILY = "1,2";
			};
			name = Debug;
		};
		29467BA22AB9634D0051D4DE /* Release */ = {
			isa = XCBuildConfiguration;
			baseConfigurationReference = 8849BFFA77AFB246D9E3EB47 /* Pods-NavigationStackDemo.release.xcconfig */;
			buildSettings = {
				ASSETCATALOG_COMPILER_APPICON_NAME = AppIcon;
				ASSETCATALOG_COMPILER_GLOBAL_ACCENT_COLOR_NAME = AccentColor;
				CODE_SIGN_STYLE = Automatic;
				CURRENT_PROJECT_VERSION = 1;
				DEVELOPMENT_ASSET_PATHS = "\"NavigationStackDemo/Preview Content\"";
				DEVELOPMENT_TEAM = U8NB267S7N;
				ENABLE_PREVIEWS = YES;
				GENERATE_INFOPLIST_FILE = YES;
				INFOPLIST_KEY_UIApplicationSceneManifest_Generation = YES;
				INFOPLIST_KEY_UIApplicationSupportsIndirectInputEvents = YES;
				INFOPLIST_KEY_UILaunchStoryboardName = LaunchScreen.storyboard;
				INFOPLIST_KEY_UISupportedInterfaceOrientations_iPad = "UIInterfaceOrientationPortrait UIInterfaceOrientationPortraitUpsideDown UIInterfaceOrientationLandscapeLeft UIInterfaceOrientationLandscapeRight";
				INFOPLIST_KEY_UISupportedInterfaceOrientations_iPhone = "UIInterfaceOrientationPortrait UIInterfaceOrientationLandscapeLeft UIInterfaceOrientationLandscapeRight";
				IPHONEOS_DEPLOYMENT_TARGET = 14;
				LD_RUNPATH_SEARCH_PATHS = (
					"$(inherited)",
					"@executable_path/Frameworks",
				);
				MARKETING_VERSION = 1.0;
				PRODUCT_BUNDLE_IDENTIFIER = bipul.NavigationStackDemo;
				PRODUCT_NAME = "$(TARGET_NAME)";
				SWIFT_EMIT_LOC_STRINGS = YES;
				SWIFT_VERSION = 5.0;
				TARGETED_DEVICE_FAMILY = "1,2";
			};
			name = Release;
		};
/* End XCBuildConfiguration section */

/* Begin XCConfigurationList section */
		29467B8D2AB9634C0051D4DE /* Build configuration list for PBXProject "NavigationStackDemo" */ = {
			isa = XCConfigurationList;
			buildConfigurations = (
				29467B9E2AB9634D0051D4DE /* Debug */,
				29467B9F2AB9634D0051D4DE /* Release */,
			);
			defaultConfigurationIsVisible = 0;
			defaultConfigurationName = Release;
		};
		29467BA02AB9634D0051D4DE /* Build configuration list for PBXNativeTarget "NavigationStackDemo" */ = {
			isa = XCConfigurationList;
			buildConfigurations = (
				29467BA12AB9634D0051D4DE /* Debug */,
				29467BA22AB9634D0051D4DE /* Release */,
			);
			defaultConfigurationIsVisible = 0;
			defaultConfigurationName = Release;
		};
/* End XCConfigurationList section */
	};
	rootObject = 29467B8A2AB9634C0051D4DE /* Project object */;
}
